PODS:
  - Flutter (1.0.0)
  - memory_plugin (0.0.1):
    - Flutter

DEPENDENCIES:
  - Flutter (from `Flutter`)
  - memory_plugin (from `.symlinks/plugins/memory_plugin/ios`)

EXTERNAL SOURCES:
  Flutter:
    :path: Flutter
  memory_plugin:
    :path: ".symlinks/plugins/memory_plugin/ios"

SPEC CHECKSUMS:
  Flutter: 434fef37c0980e73bb6479ef766c45957d4b510c
  memory_plugin: 76dedcdb5bb84519a2d1c7029845bd4928a4c987

PODFILE CHECKSUM: aafe91acc616949ddb318b77800a7f51bffa2a4c

COCOAPODS: 1.9.3
