PODS:
  - FlutterMacOS (1.0.0)
  - memory_plugin (0.0.1):
    - FlutterMacOS

DEPENDENCIES:
  - FlutterMacOS (from `Flutter/ephemeral`)
  - memory_plugin (from `Flutter/ephemeral/.symlinks/plugins/memory_plugin/macos`)

EXTERNAL SOURCES:
  FlutterMacOS:
    :path: Flutter/ephemeral
  memory_plugin:
    :path: Flutter/ephemeral/.symlinks/plugins/memory_plugin/macos

SPEC CHECKSUMS:
  FlutterMacOS: 57701585bf7de1b3fc2bb61f6378d73bbdea8424
  memory_plugin: 843e49db1b7901a4ac4c2bd040cae562d2531d2d

PODFILE CHECKSUM: 6eac6b3292e5142cfc23bdeb71848a40ec51c14c

COCOAPODS: 1.9.3
